// !$*UTF8*$!
{
	archiveVersion = 1;
	classes = {
	};
	objectVersion = 50;
	objects = {

/* Begin PBXBuildFile section */
		5B05BE9922DC0FA300DCE7DB /* AppDelegate.swift in Sources */ = {isa = PBXBuildFile; fileRef = 5B05BE9822DC0FA300DCE7DB /* AppDelegate.swift */; };
		5B05BE9B22DC0FA300DCE7DB /* ViewController.swift in Sources */ = {isa = PBXBuildFile; fileRef = 5B05BE9A22DC0FA300DCE7DB /* ViewController.swift */; };
		5B05BE9E22DC0FA300DCE7DB /* Main.storyboard in Resources */ = {isa = PBXBuildFile; fileRef = 5B05BE9C22DC0FA300DCE7DB /* Main.storyboard */; };
		5B05BEA022DC0FA500DCE7DB /* Assets.xcassets in Resources */ = {isa = PBXBuildFile; fileRef = 5B05BE9F22DC0FA500DCE7DB /* Assets.xcassets */; };
		5B05BEA322DC0FA500DCE7DB /* LaunchScreen.storyboard in Resources */ = {isa = PBXBuildFile; fileRef = 5B05BEA122DC0FA500DCE7DB /* LaunchScreen.storyboard */; };
		5B05BEAE22DC0FA500DCE7DB /* TravisTesterTests.swift in Sources */ = {isa = PBXBuildFile; fileRef = 5B05BEAD22DC0FA500DCE7DB /* TravisTesterTests.swift */; };
/* End PBXBuildFile section */

/* Begin PBXContainerItemProxy section */
		5B05BEAA22DC0FA500DCE7DB /* PBXContainerItemProxy */ = {
			isa = PBXContainerItemProxy;
			containerPortal = 5B05BE8D22DC0FA300DCE7DB /* Project object */;
			proxyType = 1;
			remoteGlobalIDString = 5B05BE9422DC0FA300DCE7DB;
			remoteInfo = TravisTester;
		};
/* End PBXContainerItemProxy section */

/* Begin PBXFileReference section */
		5B05BE9522DC0FA300DCE7DB /* TravisTester.app */ = {isa = PBXFileReference; explicitFileType = wrapper.application; includeInIndex = 0; path = TravisTester.app; sourceTree = BUILT_PRODUCTS_DIR; };
		5B05BE9822DC0FA300DCE7DB /* AppDelegate.swift */ = {isa = PBXFileReference; lastKnownFileType = sourcecode.swift; path = AppDelegate.swift; sourceTree = "<group>"; };
		5B05BE9A22DC0FA300DCE7DB /* ViewController.swift */ = {isa = PBXFileReference; lastKnownFileType = sourcecode.swift; path = ViewController.swift; sourceTree = "<group>"; };
		5B05BE9D22DC0FA300DCE7DB /* Base */ = {isa = PBXFileReference; lastKnownFileType = file.storyboard; name = Base; path = Base.lproj/Main.storyboard; sourceTree = "<group>"; };
		5B05BE9F22DC0FA500DCE7DB /* Assets.xcassets */ = {isa = PBXFileReference; lastKnownFileType = folder.assetcatalog; path = Assets.xcassets; sourceTree = "<group>"; };
		5B05BEA222DC0FA500DCE7DB /* Base */ = {isa = PBXFileReference; lastKnownFileType = file.storyboard; name = Base; path = Base.lproj/LaunchScreen.storyboard; sourceTree = "<group>"; };
		5B05BEA422DC0FA500DCE7DB /* Info.plist */ = {isa = PBXFileReference; lastKnownFileType = text.plist.xml; path = Info.plist; sourceTree = "<group>"; };
		5B05BEA922DC0FA500DCE7DB /* TravisTesterTests.xctest */ = {isa = PBXFileReference; explicitFileType = wrapper.cfbundle; includeInIndex = 0; path = TravisTesterTests.xctest; sourceTree = BUILT_PRODUCTS_DIR; };
		5B05BEAD22DC0FA500DCE7DB /* TravisTesterTests.swift */ = {isa = PBXFileReference; lastKnownFileType = sourcecode.swift; path = TravisTesterTests.swift; sourceTree = "<group>"; };
		5B05BEAF22DC0FA500DCE7DB /* Info.plist */ = {isa = PBXFileReference; lastKnownFileType = text.plist.xml; path = Info.plist; sourceTree = "<group>"; };
/* End PBXFileReference section */

/* Begin PBXFrameworksBuildPhase section */
		5B05BE9222DC0FA300DCE7DB /* Frameworks */ = {
			isa = PBXFrameworksBuildPhase;
			buildActionMask = 2147483647;
			files = (
			);
			runOnlyForDeploymentPostprocessing = 0;
		};
		5B05BEA622DC0FA500DCE7DB /* Frameworks */ = {
			isa = PBXFrameworksBuildPhase;
			buildActionMask = 2147483647;
			files = (
			);
			runOnlyForDeploymentPostprocessing = 0;
		};
/* End PBXFrameworksBuildPhase section */

/* Begin PBXGroup section */
		5B05BE8C22DC0FA300DCE7DB = {
			isa = PBXGroup;
			children = (
				5B05BE9722DC0FA300DCE7DB /* TravisTester */,
				5B05BEAC22DC0FA500DCE7DB /* TravisTesterTests */,
				5B05BE9622DC0FA300DCE7DB /* Products */,
			);
			sourceTree = "<group>";
		};
		5B05BE9622DC0FA300DCE7DB /* Products */ = {
			isa = PBXGroup;
			children = (
				5B05BE9522DC0FA300DCE7DB /* TravisTester.app */,
				5B05BEA922DC0FA500DCE7DB /* TravisTesterTests.xctest */,
			);
			name = Products;
			sourceTree = "<group>";
		};
		5B05BE9722DC0FA300DCE7DB /* TravisTester */ = {
			isa = PBXGroup;
			children = (
				5B05BE9822DC0FA300DCE7DB /* AppDelegate.swift */,
				5B05BE9A22DC0FA300DCE7DB /* ViewController.swift */,
				5B05BE9C22DC0FA300DCE7DB /* Main.storyboard */,
				5B05BE9F22DC0FA500DCE7DB /* Assets.xcassets */,
				5B05BEA122DC0FA500DCE7DB /* LaunchScreen.storyboard */,
				5B05BEA422DC0FA500DCE7DB /* Info.plist */,
			);
			path = TravisTester;
			sourceTree = "<group>";
		};
		5B05BEAC22DC0FA500DCE7DB /* TravisTesterTests */ = {
			isa = PBXGroup;
			children = (
				5B05BEAD22DC0FA500DCE7DB /* TravisTesterTests.swift */,
				5B05BEAF22DC0FA500DCE7DB /* Info.plist */,
			);
			path = TravisTesterTests;
			sourceTree = "<group>";
		};
/* End PBXGroup section */

/* Begin PBXNativeTarget section */
		5B05BE9422DC0FA300DCE7DB /* TravisTester */ = {
			isa = PBXNativeTarget;
			buildConfigurationList = 5B05BEB222DC0FA500DCE7DB /* Build configuration list for PBXNativeTarget "TravisTester" */;
			buildPhases = (
				5B05BE9122DC0FA300DCE7DB /* Sources */,
				5B05BE9222DC0FA300DCE7DB /* Frameworks */,
				5B05BE9322DC0FA300DCE7DB /* Resources */,
			);
			buildRules = (
			);
			dependencies = (
			);
			name = TravisTester;
			productName = TravisTester;
			productReference = 5B05BE9522DC0FA300DCE7DB /* TravisTester.app */;
			productType = "com.apple.product-type.application";
		};
		5B05BEA822DC0FA500DCE7DB /* TravisTesterTests */ = {
			isa = PBXNativeTarget;
			buildConfigurationList = 5B05BEB522DC0FA500DCE7DB /* Build configuration list for PBXNativeTarget "TravisTesterTests" */;
			buildPhases = (
				5B05BEA522DC0FA500DCE7DB /* Sources */,
				5B05BEA622DC0FA500DCE7DB /* Frameworks */,
				5B05BEA722DC0FA500DCE7DB /* Resources */,
			);
			buildRules = (
			);
			dependencies = (
				5B05BEAB22DC0FA500DCE7DB /* PBXTargetDependency */,
			);
			name = TravisTesterTests;
			productName = TravisTesterTests;
			productReference = 5B05BEA922DC0FA500DCE7DB /* TravisTesterTests.xctest */;
			productType = "com.apple.product-type.bundle.unit-test";
		};
/* End PBXNativeTarget section */

/* Begin PBXProject section */
		5B05BE8D22DC0FA300DCE7DB /* Project object */ = {
			isa = PBXProject;
			attributes = {
				LastSwiftUpdateCheck = 1020;
				LastUpgradeCheck = 1020;
				ORGANIZATIONNAME = "KFX Tech LTD";
				TargetAttributes = {
					5B05BE9422DC0FA300DCE7DB = {
						CreatedOnToolsVersion = 10.2;
					};
					5B05BEA822DC0FA500DCE7DB = {
						CreatedOnToolsVersion = 10.2;
						TestTargetID = 5B05BE9422DC0FA300DCE7DB;
					};
				};
			};
			buildConfigurationList = 5B05BE9022DC0FA300DCE7DB /* Build configuration list for PBXProject "TravisTester" */;
			compatibilityVersion = "Xcode 9.3";
			developmentRegion = en;
			hasScannedForEncodings = 0;
			knownRegions = (
				en,
				Base,
			);
			mainGroup = 5B05BE8C22DC0FA300DCE7DB;
			productRefGroup = 5B05BE9622DC0FA300DCE7DB /* Products */;
			projectDirPath = "";
			projectRoot = "";
			targets = (
				5B05BE9422DC0FA300DCE7DB /* TravisTester */,
				5B05BEA822DC0FA500DCE7DB /* TravisTesterTests */,
			);
		};
/* End PBXProject section */

/* Begin PBXResourcesBuildPhase section */
		5B05BE9322DC0FA300DCE7DB /* Resources */ = {
			isa = PBXResourcesBuildPhase;
			buildActionMask = 2147483647;
			files = (
				5B05BEA322DC0FA500DCE7DB /* LaunchScreen.storyboard in Resources */,
				5B05BEA022DC0FA500DCE7DB /* Assets.xcassets in Resources */,
				5B05BE9E22DC0FA300DCE7DB /* Main.storyboard in Resources */,
			);
			runOnlyForDeploymentPostprocessing = 0;
		};
		5B05BEA722DC0FA500DCE7DB /* Resources */ = {
			isa = PBXResourcesBuildPhase;
			buildActionMask = 2147483647;
			files = (
			);
			runOnlyForDeploymentPostprocessing = 0;
		};
/* End PBXResourcesBuildPhase section */

/* Begin PBXSourcesBuildPhase section */
		5B05BE9122DC0FA300DCE7DB /* Sources */ = {
			isa = PBXSourcesBuildPhase;
			buildActionMask = 2147483647;
			files = (
				5B05BE9B22DC0FA300DCE7DB /* ViewController.swift in Sources */,
				5B05BE9922DC0FA300DCE7DB /* AppDelegate.swift in Sources */,
			);
			runOnlyForDeploymentPostprocessing = 0;
		};
		5B05BEA522DC0FA500DCE7DB /* Sources */ = {
			isa = PBXSourcesBuildPhase;
			buildActionMask = 2147483647;
			files = (
				5B05BEAE22DC0FA500DCE7DB /* TravisTesterTests.swift in Sources */,
			);
			runOnlyForDeploymentPostprocessing = 0;
		};
/* End PBXSourcesBuildPhase section */

/* Begin PBXTargetDependency section */
		5B05BEAB22DC0FA500DCE7DB /* PBXTargetDependency */ = {
			isa = PBXTargetDependency;
			target = 5B05BE9422DC0FA300DCE7DB /* TravisTester */;
			targetProxy = 5B05BEAA22DC0FA500DCE7DB /* PBXContainerItemProxy */;
		};
/* End PBXTargetDependency section */

/* Begin PBXVariantGroup section */
		5B05BE9C22DC0FA300DCE7DB /* Main.storyboard */ = {
			isa = PBXVariantGroup;
			children = (
				5B05BE9D22DC0FA300DCE7DB /* Base */,
			);
			name = Main.storyboard;
			sourceTree = "<group>";
		};
		5B05BEA122DC0FA500DCE7DB /* LaunchScreen.storyboard */ = {
			isa = PBXVariantGroup;
			children = (
				5B05BEA222DC0FA500DCE7DB /* Base */,
			);
			name = LaunchScreen.storyboard;
			sourceTree = "<group>";
		};
/* End PBXVariantGroup section */

/* Begin XCBuildConfiguration section */
		5B05BEB022DC0FA500DCE7DB /* Debug */ = {
			isa = XCBuildConfiguration;
			buildSettings = {
				ALWAYS_SEARCH_USER_PATHS = NO;
				CLANG_ANALYZER_NONNULL = YES;
				CLANG_ANALYZER_NUMBER_OBJECT_CONVERSION = YES_AGGRESSIVE;
				CLANG_CXX_LANGUAGE_STANDARD = "gnu++14";
				CLANG_CXX_LIBRARY = "libc++";
				CLANG_ENABLE_MODULES = YES;
				CLANG_ENABLE_OBJC_ARC = YES;
				CLANG_ENABLE_OBJC_WEAK = YES;
				CLANG_WARN_BLOCK_CAPTURE_AUTORELEASING = YES;
				CLANG_WARN_BOOL_CONVERSION = YES;
				CLANG_WARN_COMMA = YES;
				CLANG_WARN_CONSTANT_CONVERSION = YES;
				CLANG_WARN_DEPRECATED_OBJC_IMPLEMENTATIONS = YES;
				CLANG_WARN_DIRECT_OBJC_ISA_USAGE = YES_ERROR;
				CLANG_WARN_DOCUMENTATION_COMMENTS = YES;
				CLANG_WARN_EMPTY_BODY = YES;
				CLANG_WARN_ENUM_CONVERSION = YES;
				CLANG_WARN_INFINITE_RECURSION = YES;
				CLANG_WARN_INT_CONVERSION = YES;
				CLANG_WARN_NON_LITERAL_NULL_CONVERSION = YES;
				CLANG_WARN_OBJC_IMPLICIT_RETAIN_SELF = YES;
				CLANG_WARN_OBJC_LITERAL_CONVERSION = YES;
				CLANG_WARN_OBJC_ROOT_CLASS = YES_ERROR;
				CLANG_WARN_RANGE_LOOP_ANALYSIS = YES;
				CLANG_WARN_STRICT_PROTOTYPES = YES;
				CLANG_WARN_SUSPICIOUS_MOVE = YES;
				CLANG_WARN_UNGUARDED_AVAILABILITY = YES_AGGRESSIVE;
				CLANG_WARN_UNREACHABLE_CODE = YES;
				CLANG_WARN__DUPLICATE_METHOD_MATCH = YES;
				CODE_SIGN_IDENTITY = "iPhone Developer";
				COPY_PHASE_STRIP = NO;
				DEBUG_INFORMATION_FORMAT = dwarf;
				ENABLE_STRICT_OBJC_MSGSEND = YES;
				ENABLE_TESTABILITY = YES;
				GCC_C_LANGUAGE_STANDARD = gnu11;
				GCC_DYNAMIC_NO_PIC = NO;
				GCC_NO_COMMON_BLOCKS = YES;
				GCC_OPTIMIZATION_LEVEL = 0;
				GCC_PREPROCESSOR_DEFINITIONS = (
					"DEBUG=1",
					"$(inherited)",
				);
				GCC_WARN_64_TO_32_BIT_CONVERSION = YES;
				GCC_WARN_ABOUT_RETURN_TYPE = YES_ERROR;
				GCC_WARN_UNDECLARED_SELECTOR = YES;
				GCC_WARN_UNINITIALIZED_AUTOS = YES_AGGRESSIVE;
				GCC_WARN_UNUSED_FUNCTION = YES;
				GCC_WARN_UNUSED_VARIABLE = YES;
				IPHONEOS_DEPLOYMENT_TARGET = 12.2;
				MTL_ENABLE_DEBUG_INFO = INCLUDE_SOURCE;
				MTL_FAST_MATH = YES;
				ONLY_ACTIVE_ARCH = YES;
				SDKROOT = iphoneos;
				SWIFT_ACTIVE_COMPILATION_CONDITIONS = DEBUG;
				SWIFT_OPTIMIZATION_LEVEL = "-Onone";
			};
			name = Debug;
		};
		5B05BEB122DC0FA500DCE7DB /* Release */ = {
			isa = XCBuildConfiguration;
			buildSettings = {
				ALWAYS_SEARCH_USER_PATHS = NO;
				CLANG_ANALYZER_NONNULL = YES;
				CLANG_ANALYZER_NUMBER_OBJECT_CONVERSION = YES_AGGRESSIVE;
				CLANG_CXX_LANGUAGE_STANDARD = "gnu++14";
				CLANG_CXX_LIBRARY = "libc++";
				CLANG_ENABLE_MODULES = YES;
				CLANG_ENABLE_OBJC_ARC = YES;
				CLANG_ENABLE_OBJC_WEAK = YES;
				CLANG_WARN_BLOCK_CAPTURE_AUTORELEASING = YES;
				CLANG_WARN_BOOL_CONVERSION = YES;
				CLANG_WARN_COMMA = YES;
				CLANG_WARN_CONSTANT_CONVERSION = YES;
				CLANG_WARN_DEPRECATED_OBJC_IMPLEMENTATIONS = YES;
				CLANG_WARN_DIRECT_OBJC_ISA_USAGE = YES_ERROR;
				CLANG_WARN_DOCUMENTATION_COMMENTS = YES;
				CLANG_WARN_EMPTY_BODY = YES;
				CLANG_WARN_ENUM_CONVERSION = YES;
				CLANG_WARN_INFINITE_RECURSION = YES;
				CLANG_WARN_INT_CONVERSION = YES;
				CLANG_WARN_NON_LITERAL_NULL_CONVERSION = YES;
				CLANG_WARN_OBJC_IMPLICIT_RETAIN_SELF = YES;
				CLANG_WARN_OBJC_LITERAL_CONVERSION = YES;
				CLANG_WARN_OBJC_ROOT_CLASS = YES_ERROR;
				CLANG_WARN_RANGE_LOOP_ANALYSIS = YES;
				CLANG_WARN_STRICT_PROTOTYPES = YES;
				CLANG_WARN_SUSPICIOUS_MOVE = YES;
				CLANG_WARN_UNGUARDED_AVAILABILITY = YES_AGGRESSIVE;
				CLANG_WARN_UNREACHABLE_CODE = YES;
				CLANG_WARN__DUPLICATE_METHOD_MATCH = YES;
				CODE_SIGN_IDENTITY = "iPhone Developer";
				COPY_PHASE_STRIP = NO;
				DEBUG_INFORMATION_FORMAT = "dwarf-with-dsym";
				ENABLE_NS_ASSERTIONS = NO;
				ENABLE_STRICT_OBJC_MSGSEND = YES;
				GCC_C_LANGUAGE_STANDARD = gnu11;
				GCC_NO_COMMON_BLOCKS = YES;
				GCC_WARN_64_TO_32_BIT_CONVERSION = YES;
				GCC_WARN_ABOUT_RETURN_TYPE = YES_ERROR;
				GCC_WARN_UNDECLARED_SELECTOR = YES;
				GCC_WARN_UNINITIALIZED_AUTOS = YES_AGGRESSIVE;
				GCC_WARN_UNUSED_FUNCTION = YES;
				GCC_WARN_UNUSED_VARIABLE = YES;
				IPHONEOS_DEPLOYMENT_TARGET = 12.2;
				MTL_ENABLE_DEBUG_INFO = NO;
				MTL_FAST_MATH = YES;
				SDKROOT = iphoneos;
				SWIFT_COMPILATION_MODE = wholemodule;
				SWIFT_OPTIMIZATION_LEVEL = "-O";
				VALIDATE_PRODUCT = YES;
			};
			name = Release;
		};
		5B05BEB322DC0FA500DCE7DB /* Debug */ = {
			isa = XCBuildConfiguration;
			buildSettings = {
				ASSETCATALOG_COMPILER_APPICON_NAME = AppIcon;
				CODE_SIGN_STYLE = Automatic;
				DEVELOPMENT_TEAM = 94Z3AYT2U7;
				INFOPLIST_FILE = TravisTester/Info.plist;
				LD_RUNPATH_SEARCH_PATHS = (
					"$(inherited)",
					"@executable_path/Frameworks",
				);
				PRODUCT_BUNDLE_IDENTIFIER = com.KFXTech.TravisTester;
				PRODUCT_NAME = "$(TARGET_NAME)";
				SWIFT_VERSION = 5.0;
				TARGETED_DEVICE_FAMILY = "1,2";
			};
			name = Debug;
		};
		5B05BEB422DC0FA500DCE7DB /* Release */ = {
			isa = XCBuildConfiguration;
			buildSettings = {
				ASSETCATALOG_COMPILER_APPICON_NAME = AppIcon;
				CODE_SIGN_STYLE = Automatic;
				DEVELOPMENT_TEAM = 94Z3AYT2U7;
				INFOPLIST_FILE = TravisTester/Info.plist;
				LD_RUNPATH_SEARCH_PATHS = (
					"$(inherited)",
					"@executable_path/Frameworks",
				);
				PRODUCT_BUNDLE_IDENTIFIER = com.KFXTech.TravisTester;
				PRODUCT_NAME = "$(TARGET_NAME)";
				SWIFT_VERSION = 5.0;
				TARGETED_DEVICE_FAMILY = "1,2";
			};
			name = Release;
		};
		5B05BEB622DC0FA500DCE7DB /* Debug */ = {
			isa = XCBuildConfiguration;
			buildSettings = {
				ALWAYS_EMBED_SWIFT_STANDARD_LIBRARIES = YES;
				BUNDLE_LOADER = "$(TEST_HOST)";
				CODE_SIGN_STYLE = Automatic;
				DEVELOPMENT_TEAM = 94Z3AYT2U7;
				INFOPLIST_FILE = TravisTesterTests/Info.plist;
				LD_RUNPATH_SEARCH_PATHS = (
					"$(inherited)",
					"@executable_path/Frameworks",
					"@loader_path/Frameworks",
				);
				PRODUCT_BUNDLE_IDENTIFIER = com.KFXTech.TravisTesterTests;
				PRODUCT_NAME = "$(TARGET_NAME)";
				SWIFT_VERSION = 5.0;
				TARGETED_DEVICE_FAMILY = "1,2";
				TEST_HOST = "$(BUILT_PRODUCTS_DIR)/TravisTester.app/TravisTester";
			};
			name = Debug;
		};
		5B05BEB722DC0FA500DCE7DB /* Release */ = {
			isa = XCBuildConfiguration;
			buildSettings = {
				ALWAYS_EMBED_SWIFT_STANDARD_LIBRARIES = YES;
				BUNDLE_LOADER = "$(TEST_HOST)";
				CODE_SIGN_STYLE = Automatic;
				DEVELOPMENT_TEAM = 94Z3AYT2U7;
				INFOPLIST_FILE = TravisTesterTests/Info.plist;
				LD_RUNPATH_SEARCH_PATHS = (
					"$(inherited)",
					"@executable_path/Frameworks",
					"@loader_path/Frameworks",
				);
				PRODUCT_BUNDLE_IDENTIFIER = com.KFXTech.TravisTesterTests;
				PRODUCT_NAME = "$(TARGET_NAME)";
				SWIFT_VERSION = 5.0;
				TARGETED_DEVICE_FAMILY = "1,2";
				TEST_HOST = "$(BUILT_PRODUCTS_DIR)/TravisTester.app/TravisTester";
			};
			name = Release;
		};
/* End XCBuildConfiguration section */

/* Begin XCConfigurationList section */
		5B05BE9022DC0FA300DCE7DB /* Build configuration list for PBXProject "TravisTester" */ = {
			isa = XCConfigurationList;
			buildConfigurations = (
				5B05BEB022DC0FA500DCE7DB /* Debug */,
				5B05BEB122DC0FA500DCE7DB /* Release */,
			);
			defaultConfigurationIsVisible = 0;
			defaultConfigurationName = Release;
		};
		5B05BEB222DC0FA500DCE7DB /* Build configuration list for PBXNativeTarget "TravisTester" */ = {
			isa = XCConfigurationList;
			buildConfigurations = (
				5B05BEB322DC0FA500DCE7DB /* Debug */,
				5B05BEB422DC0FA500DCE7DB /* Release */,
			);
			defaultConfigurationIsVisible = 0;
			defaultConfigurationName = Release;
		};
		5B05BEB522DC0FA500DCE7DB /* Build configuration list for PBXNativeTarget "TravisTesterTests" */ = {
			isa = XCConfigurationList;
			buildConfigurations = (
				5B05BEB622DC0FA500DCE7DB /* Debug */,
				5B05BEB722DC0FA500DCE7DB /* Release */,
			);
			defaultConfigurationIsVisible = 0;
			defaultConfigurationName = Release;
		};
/* End XCConfigurationList section */
	};
	rootObject = 5B05BE8D22DC0FA300DCE7DB /* Project object */;
}
